
Microsoft Visual Studio Solution File, Format Version 12.00
# Visual Studio Version 17
VisualStudioVersion = 17.0.32014.148
MinimumVisualStudioVersion = 10.0.40219.1
Project("{8BC9CEB8-8B4A-11D0-8D11-00A0C91BC942}") = "chip8", "chip8.vcxproj", "{9926CEFA-12F9-4266-9535-D887B83EC6C0}"
EndProject
Project("{8BC9CEB8-8B4A-11D0-8D11-00A0C91BC942}") = "chip_8_test", "chip_8_test\chip_8_test.vcxproj", "{8476FA7F-3B00-4D86-9AE6-18D48293DB25}"
EndProject
Global
	GlobalSection(SolutionConfigurationPlatforms) = preSolution
		Debug|x64 = Debug|x64
		Debug|x86 = Debug|x86
		Release|x64 = Release|x64
		Release|x86 = Release|x86
	EndGlobalSection
	GlobalSection(ProjectConfigurationPlatforms) = postSolution
		{9926CEFA-12F9-4266-9535-D887B83EC6C0}.Debug|x64.ActiveCfg = Debug|x64
		{9926CEFA-12F9-4266-9535-D887B83EC6C0}.Debug|x64.Build.0 = Debug|x64
		{9926CEFA-12F9-4266-9535-D887B83EC6C0}.Debug|x86.ActiveCfg = Debug|Win32
		{9926CEFA-12F9-4266-9535-D887B83EC6C0}.Debug|x86.Build.0 = Debug|Win32
		{9926CEFA-12F9-4266-9535-D887B83EC6C0}.Release|x64.ActiveCfg = Release|x64
		{9926CEFA-12F9-4266-9535-D887B83EC6C0}.Release|x64.Build.0 = Release|x64
		{9926CEFA-12F9-4266-9535-D887B83EC6C0}.Release|x86.ActiveCfg = Release|Win32
		{9926CEFA-12F9-4266-9535-D887B83EC6C0}.Release|x86.Build.0 = Release|Win32
		{8476FA7F-3B00-4D86-9AE6-18D48293DB25}.Debug|x64.ActiveCfg = Debug|x64
		{8476FA7F-3B00-4D86-9AE6-18D48293DB25}.Debug|x64.Build.0 = Debug|x64
		{8476FA7F-3B00-4D86-9AE6-18D48293DB25}.Debug|x86.ActiveCfg = Debug|Win32
		{8476FA7F-3B00-4D86-9AE6-18D48293DB25}.Debug|x86.Build.0 = Debug|Win32
		{8476FA7F-3B00-4D86-9AE6-18D48293DB25}.Release|x64.ActiveCfg = Release|x64
		{8476FA7F-3B00-4D86-9AE6-18D48293DB25}.Release|x64.Build.0 = Release|x64
		{8476FA7F-3B00-4D86-9AE6-18D48293DB25}.Release|x86.ActiveCfg = Release|Win32
		{8476FA7F-3B00-4D86-9AE6-18D48293DB25}.Release|x86.Build.0 = Release|Win32
	EndGlobalSection
	GlobalSection(SolutionProperties) = preSolution
		HideSolutionNode = FALSE
	EndGlobalSection
	GlobalSection(ExtensibilityGlobals) = postSolution
		SolutionGuid = {60F41F8E-30F2-45EE-9F35-0D0D0B604B39}
	EndGlobalSection
EndGlobal
